%{"meck": {:hex, :meck, "0.8.8", "eeb3efe811d4346e1a7f65b2738abc2ad73cbe1a2c91b5dd909bac2ea0414fa6", [:rebar3], []},
  "mock": {:hex, :mock, "0.3.1", "994f00150f79a0ea50dc9d86134cd9ebd0d177ad60bd04d1e46336cdfdb98ff9", [:mix], [{:meck, "~> 0.8.8", [hex: :meck, optional: false]}]},
  "tesla": {:hex, :tesla, "0.7.2", "29290de334f1064e98c32d0ba5e73674fdbe53c17f8af7bcc686bf5002a30bab", [:mix], [{:exjsx, ">= 0.1.0", [hex: :exjsx, optional: true]}, {:fuse, "~> 2.4", [hex: :fuse, optional: true]}, {:hackney, "~> 1.6", [hex: :hackney, optional: true]}, {:ibrowse, "~> 4.2", [hex: :ibrowse, optional: true]}, {:poison, ">= 1.0.0", [hex: :poison, optional: true]}]}}
